// !$*UTF8*$!
{
	archiveVersion = 1;
	classes = {
	};
	objectVersion = 50;
	objects = {

/* Begin PBXBuildFile section */
		AD8332E6219EBC4E00DF718A /* main.cpp in Sources */ = {isa = PBXBuildFile; fileRef = AD8332E5219EBC4E00DF718A /* main.cpp */; };
		AD8332F2219EBD3D00DF718A /* User.cpp in Sources */ = {isa = PBXBuildFile; fileRef = AD8332F0219EBD3D00DF718A /* User.cpp */; };
		AD8332FB219EC18F00DF718A /* Medicine.cpp in Sources */ = {isa = PBXBuildFile; fileRef = AD8332F9219EC18F00DF718A /* Medicine.cpp */; };
		AD8332FF219EC21E00DF718A /* Date.cpp in Sources */ = {isa = PBXBuildFile; fileRef = AD8332FD219EC21E00DF718A /* Date.cpp */; };
		AD83330D219ED7E700DF718A /* OrderItem.cpp in Sources */ = {isa = PBXBuildFile; fileRef = AD83330B219ED7E700DF718A /* OrderItem.cpp */; };
		AD833310219ED94E00DF718A /* Order.cpp in Sources */ = {isa = PBXBuildFile; fileRef = AD83330E219ED94E00DF718A /* Order.cpp */; };
/* End PBXBuildFile section */

/* Begin PBXCopyFilesBuildPhase section */
		AD8332E0219EBC4E00DF718A /* CopyFiles */ = {
			isa = PBXCopyFilesBuildPhase;
			buildActionMask = 2147483647;
			dstPath = /usr/share/man/man1/;
			dstSubfolderSpec = 0;
			files = (
			);
			runOnlyForDeploymentPostprocessing = 1;
		};
/* End PBXCopyFilesBuildPhase section */

/* Begin PBXFileReference section */
		AD8332E2219EBC4E00DF718A /* pms */ = {isa = PBXFileReference; explicitFileType = "compiled.mach-o.executable"; includeInIndex = 0; path = pms; sourceTree = BUILT_PRODUCTS_DIR; };
		AD8332E5219EBC4E00DF718A /* main.cpp */ = {isa = PBXFileReference; lastKnownFileType = sourcecode.cpp.cpp; path = main.cpp; sourceTree = "<group>"; };
		AD8332F0219EBD3D00DF718A /* User.cpp */ = {isa = PBXFileReference; lastKnownFileType = sourcecode.cpp.cpp; path = User.cpp; sourceTree = "<group>"; };
		AD8332F1219EBD3D00DF718A /* User.hpp */ = {isa = PBXFileReference; lastKnownFileType = sourcecode.cpp.h; path = User.hpp; sourceTree = "<group>"; };
		AD8332F9219EC18F00DF718A /* Medicine.cpp */ = {isa = PBXFileReference; lastKnownFileType = sourcecode.cpp.cpp; path = Medicine.cpp; sourceTree = "<group>"; };
		AD8332FA219EC18F00DF718A /* Medicine.hpp */ = {isa = PBXFileReference; lastKnownFileType = sourcecode.cpp.h; path = Medicine.hpp; sourceTree = "<group>"; };
		AD8332FD219EC21E00DF718A /* Date.cpp */ = {isa = PBXFileReference; lastKnownFileType = sourcecode.cpp.cpp; path = Date.cpp; sourceTree = "<group>"; };
		AD8332FE219EC21E00DF718A /* Date.hpp */ = {isa = PBXFileReference; lastKnownFileType = sourcecode.cpp.h; path = Date.hpp; sourceTree = "<group>"; };
		AD83330B219ED7E700DF718A /* OrderItem.cpp */ = {isa = PBXFileReference; lastKnownFileType = sourcecode.cpp.cpp; path = OrderItem.cpp; sourceTree = "<group>"; };
		AD83330C219ED7E700DF718A /* OrderItem.hpp */ = {isa = PBXFileReference; lastKnownFileType = sourcecode.cpp.h; path = OrderItem.hpp; sourceTree = "<group>"; };
		AD83330E219ED94E00DF718A /* Order.cpp */ = {isa = PBXFileReference; lastKnownFileType = sourcecode.cpp.cpp; path = Order.cpp; sourceTree = "<group>"; };
		AD83330F219ED94E00DF718A /* Order.hpp */ = {isa = PBXFileReference; lastKnownFileType = sourcecode.cpp.h; path = Order.hpp; sourceTree = "<group>"; };
/* End PBXFileReference section */

/* Begin PBXFrameworksBuildPhase section */
		AD8332DF219EBC4E00DF718A /* Frameworks */ = {
			isa = PBXFrameworksBuildPhase;
			buildActionMask = 2147483647;
			files = (
			);
			runOnlyForDeploymentPostprocessing = 0;
		};
/* End PBXFrameworksBuildPhase section */

/* Begin PBXGroup section */
		AD8332D9219EBC4E00DF718A = {
			isa = PBXGroup;
			children = (
				AD8332E4219EBC4E00DF718A /* pms */,
				AD8332E3219EBC4E00DF718A /* Products */,
			);
			sourceTree = "<group>";
		};
		AD8332E3219EBC4E00DF718A /* Products */ = {
			isa = PBXGroup;
			children = (
				AD8332E2219EBC4E00DF718A /* pms */,
			);
			name = Products;
			sourceTree = "<group>";
		};
		AD8332E4219EBC4E00DF718A /* pms */ = {
			isa = PBXGroup;
			children = (
				AD8332EC219EBC6F00DF718A /* include */,
				AD8332ED219EBD1400DF718A /* src */,
				AD8332E5219EBC4E00DF718A /* main.cpp */,
			);
			path = pms;
			sourceTree = "<group>";
		};
		AD8332EC219EBC6F00DF718A /* include */ = {
			isa = PBXGroup;
			children = (
				AD8332FC219EC21200DF718A /* helper */,
				AD8332EE219EBD2600DF718A /* model */,
			);
			path = include;
			sourceTree = "<group>";
		};
		AD8332ED219EBD1400DF718A /* src */ = {
			isa = PBXGroup;
			children = (
				AD833300219EC22500DF718A /* helper */,
				AD8332EF219EBD2C00DF718A /* model */,
			);
			path = src;
			sourceTree = "<group>";
		};
		AD8332EE219EBD2600DF718A /* model */ = {
			isa = PBXGroup;
			children = (
				AD8332FA219EC18F00DF718A /* Medicine.hpp */,
				AD8332F1219EBD3D00DF718A /* User.hpp */,
				AD83330F219ED94E00DF718A /* Order.hpp */,
				AD83330C219ED7E700DF718A /* OrderItem.hpp */,
			);
			path = model;
			sourceTree = "<group>";
		};
		AD8332EF219EBD2C00DF718A /* model */ = {
			isa = PBXGroup;
			children = (
				AD8332F9219EC18F00DF718A /* Medicine.cpp */,
				AD8332F0219EBD3D00DF718A /* User.cpp */,
				AD83330E219ED94E00DF718A /* Order.cpp */,
				AD83330B219ED7E700DF718A /* OrderItem.cpp */,
			);
			path = model;
			sourceTree = "<group>";
		};
		AD8332FC219EC21200DF718A /* helper */ = {
			isa = PBXGroup;
			children = (
				AD8332FE219EC21E00DF718A /* Date.hpp */,
			);
			path = helper;
			sourceTree = "<group>";
		};
		AD833300219EC22500DF718A /* helper */ = {
			isa = PBXGroup;
			children = (
				AD8332FD219EC21E00DF718A /* Date.cpp */,
			);
			path = helper;
			sourceTree = "<group>";
		};
/* End PBXGroup section */

/* Begin PBXNativeTarget section */
		AD8332E1219EBC4E00DF718A /* pms */ = {
			isa = PBXNativeTarget;
			buildConfigurationList = AD8332E9219EBC4E00DF718A /* Build configuration list for PBXNativeTarget "pms" */;
			buildPhases = (
				AD8332DE219EBC4E00DF718A /* Sources */,
				AD8332DF219EBC4E00DF718A /* Frameworks */,
				AD8332E0219EBC4E00DF718A /* CopyFiles */,
			);
			buildRules = (
			);
			dependencies = (
			);
			name = pms;
			productName = pms;
			productReference = AD8332E2219EBC4E00DF718A /* pms */;
			productType = "com.apple.product-type.tool";
		};
/* End PBXNativeTarget section */

/* Begin PBXProject section */
		AD8332DA219EBC4E00DF718A /* Project object */ = {
			isa = PBXProject;
			attributes = {
				LastUpgradeCheck = 1010;
				ORGANIZATIONNAME = "Chow Khai Bin";
				TargetAttributes = {
					AD8332E1219EBC4E00DF718A = {
						CreatedOnToolsVersion = 10.1;
					};
				};
			};
			buildConfigurationList = AD8332DD219EBC4E00DF718A /* Build configuration list for PBXProject "pms" */;
			compatibilityVersion = "Xcode 9.3";
			developmentRegion = en;
			hasScannedForEncodings = 0;
			knownRegions = (
				en,
			);
			mainGroup = AD8332D9219EBC4E00DF718A;
			productRefGroup = AD8332E3219EBC4E00DF718A /* Products */;
			projectDirPath = "";
			projectRoot = "";
			targets = (
				AD8332E1219EBC4E00DF718A /* pms */,
			);
		};
/* End PBXProject section */

/* Begin PBXSourcesBuildPhase section */
		AD8332DE219EBC4E00DF718A /* Sources */ = {
			isa = PBXSourcesBuildPhase;
			buildActionMask = 2147483647;
			files = (
				AD8332FB219EC18F00DF718A /* Medicine.cpp in Sources */,
				AD8332F2219EBD3D00DF718A /* User.cpp in Sources */,
				AD8332E6219EBC4E00DF718A /* main.cpp in Sources */,
				AD83330D219ED7E700DF718A /* OrderItem.cpp in Sources */,
				AD833310219ED94E00DF718A /* Order.cpp in Sources */,
				AD8332FF219EC21E00DF718A /* Date.cpp in Sources */,
			);
			runOnlyForDeploymentPostprocessing = 0;
		};
/* End PBXSourcesBuildPhase section */

/* Begin XCBuildConfiguration section */
		AD8332E7219EBC4E00DF718A /* Debug */ = {
			isa = XCBuildConfiguration;
			buildSettings = {
				ALWAYS_SEARCH_USER_PATHS = NO;
				CLANG_ANALYZER_NONNULL = YES;
				CLANG_ANALYZER_NUMBER_OBJECT_CONVERSION = YES_AGGRESSIVE;
				CLANG_CXX_LANGUAGE_STANDARD = "gnu++14";
				CLANG_CXX_LIBRARY = "libc++";
				CLANG_ENABLE_MODULES = YES;
				CLANG_ENABLE_OBJC_ARC = YES;
				CLANG_ENABLE_OBJC_WEAK = YES;
				CLANG_WARN_BLOCK_CAPTURE_AUTORELEASING = YES;
				CLANG_WARN_BOOL_CONVERSION = YES;
				CLANG_WARN_COMMA = YES;
				CLANG_WARN_CONSTANT_CONVERSION = YES;
				CLANG_WARN_DEPRECATED_OBJC_IMPLEMENTATIONS = YES;
				CLANG_WARN_DIRECT_OBJC_ISA_USAGE = YES_ERROR;
				CLANG_WARN_DOCUMENTATION_COMMENTS = YES;
				CLANG_WARN_EMPTY_BODY = YES;
				CLANG_WARN_ENUM_CONVERSION = YES;
				CLANG_WARN_INFINITE_RECURSION = YES;
				CLANG_WARN_INT_CONVERSION = YES;
				CLANG_WARN_NON_LITERAL_NULL_CONVERSION = YES;
				CLANG_WARN_OBJC_IMPLICIT_RETAIN_SELF = YES;
				CLANG_WARN_OBJC_LITERAL_CONVERSION = YES;
				CLANG_WARN_OBJC_ROOT_CLASS = YES_ERROR;
				CLANG_WARN_RANGE_LOOP_ANALYSIS = YES;
				CLANG_WARN_STRICT_PROTOTYPES = YES;
				CLANG_WARN_SUSPICIOUS_MOVE = YES;
				CLANG_WARN_UNGUARDED_AVAILABILITY = YES_AGGRESSIVE;
				CLANG_WARN_UNREACHABLE_CODE = YES;
				CLANG_WARN__DUPLICATE_METHOD_MATCH = YES;
				CODE_SIGN_IDENTITY = "-";
				COPY_PHASE_STRIP = NO;
				DEBUG_INFORMATION_FORMAT = dwarf;
				ENABLE_STRICT_OBJC_MSGSEND = YES;
				ENABLE_TESTABILITY = YES;
				GCC_C_LANGUAGE_STANDARD = gnu11;
				GCC_DYNAMIC_NO_PIC = NO;
				GCC_NO_COMMON_BLOCKS = YES;
				GCC_OPTIMIZATION_LEVEL = 0;
				GCC_PREPROCESSOR_DEFINITIONS = (
					"DEBUG=1",
					"$(inherited)",
				);
				GCC_WARN_64_TO_32_BIT_CONVERSION = YES;
				GCC_WARN_ABOUT_RETURN_TYPE = YES_ERROR;
				GCC_WARN_UNDECLARED_SELECTOR = YES;
				GCC_WARN_UNINITIALIZED_AUTOS = YES_AGGRESSIVE;
				GCC_WARN_UNUSED_FUNCTION = YES;
				GCC_WARN_UNUSED_VARIABLE = YES;
				MACOSX_DEPLOYMENT_TARGET = 10.14;
				MTL_ENABLE_DEBUG_INFO = INCLUDE_SOURCE;
				MTL_FAST_MATH = YES;
				ONLY_ACTIVE_ARCH = YES;
				SDKROOT = macosx;
			};
			name = Debug;
		};
		AD8332E8219EBC4E00DF718A /* Release */ = {
			isa = XCBuildConfiguration;
			buildSettings = {
				ALWAYS_SEARCH_USER_PATHS = NO;
				CLANG_ANALYZER_NONNULL = YES;
				CLANG_ANALYZER_NUMBER_OBJECT_CONVERSION = YES_AGGRESSIVE;
				CLANG_CXX_LANGUAGE_STANDARD = "gnu++14";
				CLANG_CXX_LIBRARY = "libc++";
				CLANG_ENABLE_MODULES = YES;
				CLANG_ENABLE_OBJC_ARC = YES;
				CLANG_ENABLE_OBJC_WEAK = YES;
				CLANG_WARN_BLOCK_CAPTURE_AUTORELEASING = YES;
				CLANG_WARN_BOOL_CONVERSION = YES;
				CLANG_WARN_COMMA = YES;
				CLANG_WARN_CONSTANT_CONVERSION = YES;
				CLANG_WARN_DEPRECATED_OBJC_IMPLEMENTATIONS = YES;
				CLANG_WARN_DIRECT_OBJC_ISA_USAGE = YES_ERROR;
				CLANG_WARN_DOCUMENTATION_COMMENTS = YES;
				CLANG_WARN_EMPTY_BODY = YES;
				CLANG_WARN_ENUM_CONVERSION = YES;
				CLANG_WARN_INFINITE_RECURSION = YES;
				CLANG_WARN_INT_CONVERSION = YES;
				CLANG_WARN_NON_LITERAL_NULL_CONVERSION = YES;
				CLANG_WARN_OBJC_IMPLICIT_RETAIN_SELF = YES;
				CLANG_WARN_OBJC_LITERAL_CONVERSION = YES;
				CLANG_WARN_OBJC_ROOT_CLASS = YES_ERROR;
				CLANG_WARN_RANGE_LOOP_ANALYSIS = YES;
				CLANG_WARN_STRICT_PROTOTYPES = YES;
				CLANG_WARN_SUSPICIOUS_MOVE = YES;
				CLANG_WARN_UNGUARDED_AVAILABILITY = YES_AGGRESSIVE;
				CLANG_WARN_UNREACHABLE_CODE = YES;
				CLANG_WARN__DUPLICATE_METHOD_MATCH = YES;
				CODE_SIGN_IDENTITY = "-";
				COPY_PHASE_STRIP = NO;
				DEBUG_INFORMATION_FORMAT = "dwarf-with-dsym";
				ENABLE_NS_ASSERTIONS = NO;
				ENABLE_STRICT_OBJC_MSGSEND = YES;
				GCC_C_LANGUAGE_STANDARD = gnu11;
				GCC_NO_COMMON_BLOCKS = YES;
				GCC_WARN_64_TO_32_BIT_CONVERSION = YES;
				GCC_WARN_ABOUT_RETURN_TYPE = YES_ERROR;
				GCC_WARN_UNDECLARED_SELECTOR = YES;
				GCC_WARN_UNINITIALIZED_AUTOS = YES_AGGRESSIVE;
				GCC_WARN_UNUSED_FUNCTION = YES;
				GCC_WARN_UNUSED_VARIABLE = YES;
				MACOSX_DEPLOYMENT_TARGET = 10.14;
				MTL_ENABLE_DEBUG_INFO = NO;
				MTL_FAST_MATH = YES;
				SDKROOT = macosx;
			};
			name = Release;
		};
		AD8332EA219EBC4E00DF718A /* Debug */ = {
			isa = XCBuildConfiguration;
			buildSettings = {
				CODE_SIGN_STYLE = Automatic;
				PRODUCT_NAME = "$(TARGET_NAME)";
			};
			name = Debug;
		};
		AD8332EB219EBC4E00DF718A /* Release */ = {
			isa = XCBuildConfiguration;
			buildSettings = {
				CODE_SIGN_STYLE = Automatic;
				PRODUCT_NAME = "$(TARGET_NAME)";
			};
			name = Release;
		};
/* End XCBuildConfiguration section */

/* Begin XCConfigurationList section */
		AD8332DD219EBC4E00DF718A /* Build configuration list for PBXProject "pms" */ = {
			isa = XCConfigurationList;
			buildConfigurations = (
				AD8332E7219EBC4E00DF718A /* Debug */,
				AD8332E8219EBC4E00DF718A /* Release */,
			);
			defaultConfigurationIsVisible = 0;
			defaultConfigurationName = Release;
		};
		AD8332E9219EBC4E00DF718A /* Build configuration list for PBXNativeTarget "pms" */ = {
			isa = XCConfigurationList;
			buildConfigurations = (
				AD8332EA219EBC4E00DF718A /* Debug */,
				AD8332EB219EBC4E00DF718A /* Release */,
			);
			defaultConfigurationIsVisible = 0;
			defaultConfigurationName = Release;
		};
/* End XCConfigurationList section */
	};
	rootObject = AD8332DA219EBC4E00DF718A /* Project object */;
}
